// !$*UTF8*$!
{
	archiveVersion = 1;
	classes = {
	};
	objectVersion = 48;
	objects = {

/* Begin PBXBuildFile section */
		A80619664EE248A88E6262BE /* Pods_FlashcardHWTests.framework in Frameworks */ = {isa = PBXBuildFile; fileRef = B9A079FF7326F21BEE6D8DB0 /* Pods_FlashcardHWTests.framework */; };
		C42AD3C72032334B000DDF23 /* SignUpVC.swift in Sources */ = {isa = PBXBuildFile; fileRef = C42AD3C42032334A000DDF23 /* SignUpVC.swift */; };
		C42AD3C82032334B000DDF23 /* LoginVC.swift in Sources */ = {isa = PBXBuildFile; fileRef = C42AD3C52032334A000DDF23 /* LoginVC.swift */; };
		C42AD3C92032334B000DDF23 /* CustomTabBarVC.swift in Sources */ = {isa = PBXBuildFile; fileRef = C42AD3C62032334B000DDF23 /* CustomTabBarVC.swift */; };
		C42AD3CB20323353000DDF23 /* Stylesheet.swift in Sources */ = {isa = PBXBuildFile; fileRef = C42AD3CA20323353000DDF23 /* Stylesheet.swift */; };
		C42AD3D220323465000DDF23 /* AZTabBarButton.swift in Sources */ = {isa = PBXBuildFile; fileRef = C42AD3CD20323465000DDF23 /* AZTabBarButton.swift */; };
		C42AD3D320323465000DDF23 /* AZTabBarButtonDelegate.swift in Sources */ = {isa = PBXBuildFile; fileRef = C42AD3CE20323465000DDF23 /* AZTabBarButtonDelegate.swift */; };
		C42AD3D420323465000DDF23 /* AZTabBarController.swift in Sources */ = {isa = PBXBuildFile; fileRef = C42AD3CF20323465000DDF23 /* AZTabBarController.swift */; };
		C42AD3D520323465000DDF23 /* AZTabBarController.xib in Resources */ = {isa = PBXBuildFile; fileRef = C42AD3D020323465000DDF23 /* AZTabBarController.xib */; };
		C42AD3D620323465000DDF23 /* AZTabBarDelegate.swift in Sources */ = {isa = PBXBuildFile; fileRef = C42AD3D120323465000DDF23 /* AZTabBarDelegate.swift */; };
		C42AD3D9203235BA000DDF23 /* LoginView.swift in Sources */ = {isa = PBXBuildFile; fileRef = C42AD3D7203235BA000DDF23 /* LoginView.swift */; };
		C42AD3DA203235BA000DDF23 /* SignUpView.swift in Sources */ = {isa = PBXBuildFile; fileRef = C42AD3D8203235BA000DDF23 /* SignUpView.swift */; };
		C42AD3DC20323609000DDF23 /* CallToActionView.swift in Sources */ = {isa = PBXBuildFile; fileRef = C42AD3DB20323609000DDF23 /* CallToActionView.swift */; };
		C42AD3DE20323626000DDF23 /* ViewFactory.swift in Sources */ = {isa = PBXBuildFile; fileRef = C42AD3DD20323626000DDF23 /* ViewFactory.swift */; };
		C42AD3E320323660000DDF23 /* LogoView.swift in Sources */ = {isa = PBXBuildFile; fileRef = C42AD3DF20323660000DDF23 /* LogoView.swift */; };
		C42AD3E420323660000DDF23 /* LogInButton.swift in Sources */ = {isa = PBXBuildFile; fileRef = C42AD3E120323660000DDF23 /* LogInButton.swift */; };
		C42AD3E520323660000DDF23 /* SignUpButton.swift in Sources */ = {isa = PBXBuildFile; fileRef = C42AD3E220323660000DDF23 /* SignUpButton.swift */; };
		C42AD3E7203236B7000DDF23 /* UIColor+Hex.swift in Sources */ = {isa = PBXBuildFile; fileRef = C42AD3E6203236B7000DDF23 /* UIColor+Hex.swift */; };
		C42AD3E92032397E000DDF23 /* GoogleService-Info.plist in Resources */ = {isa = PBXBuildFile; fileRef = C42AD3E82032397E000DDF23 /* GoogleService-Info.plist */; };
		C42AD3FD20323D0B000DDF23 /* StorageService+Image.swift in Sources */ = {isa = PBXBuildFile; fileRef = C42AD3F220323D0A000DDF23 /* StorageService+Image.swift */; };
		C42AD3FE20323D0B000DDF23 /* AuthClient.swift in Sources */ = {isa = PBXBuildFile; fileRef = C42AD3F420323D0A000DDF23 /* AuthClient.swift */; };
		C42AD3FF20323D0B000DDF23 /* AuthDelegate.swift in Sources */ = {isa = PBXBuildFile; fileRef = C42AD3F520323D0A000DDF23 /* AuthDelegate.swift */; };
		C42AD40020323D0B000DDF23 /* Router.swift in Sources */ = {isa = PBXBuildFile; fileRef = C42AD3F620323D0A000DDF23 /* Router.swift */; };
		C42AD40120323D0B000DDF23 /* DBService+Comment.swift in Sources */ = {isa = PBXBuildFile; fileRef = C42AD3F820323D0A000DDF23 /* DBService+Comment.swift */; };
		C42AD40220323D0B000DDF23 /* DBService+Post.swift in Sources */ = {isa = PBXBuildFile; fileRef = C42AD3F920323D0A000DDF23 /* DBService+Post.swift */; };
		C42AD40320323D0B000DDF23 /* DBService+User.swift in Sources */ = {isa = PBXBuildFile; fileRef = C42AD3FA20323D0A000DDF23 /* DBService+User.swift */; };
		C42AD40420323D0B000DDF23 /* DBService.swift in Sources */ = {isa = PBXBuildFile; fileRef = C42AD3FB20323D0A000DDF23 /* DBService.swift */; };
		C42AD40520323D0B000DDF23 /* StorageService.swift in Sources */ = {isa = PBXBuildFile; fileRef = C42AD3FC20323D0B000DDF23 /* StorageService.swift */; };
		C4AA90A020322D0500F3206E /* AppDelegate.swift in Sources */ = {isa = PBXBuildFile; fileRef = C4AA909F20322D0500F3206E /* AppDelegate.swift */; };
		C4AA90A520322D0500F3206E /* Main.storyboard in Resources */ = {isa = PBXBuildFile; fileRef = C4AA90A320322D0500F3206E /* Main.storyboard */; };
		C4AA90A720322D0500F3206E /* Assets.xcassets in Resources */ = {isa = PBXBuildFile; fileRef = C4AA90A620322D0500F3206E /* Assets.xcassets */; };
		C4AA90AA20322D0500F3206E /* LaunchScreen.storyboard in Resources */ = {isa = PBXBuildFile; fileRef = C4AA90A820322D0500F3206E /* LaunchScreen.storyboard */; };
		C4AA90B520322D0500F3206E /* FlashcardHWTests.swift in Sources */ = {isa = PBXBuildFile; fileRef = C4AA90B420322D0500F3206E /* FlashcardHWTests.swift */; };
		C4AA90C120322D2D00F3206E /* Flashcard.swift in Sources */ = {isa = PBXBuildFile; fileRef = C4AA90C020322D2D00F3206E /* Flashcard.swift */; };
		F0F394EEB336ED7B2A64E154 /* Pods_FlashcardHW.framework in Frameworks */ = {isa = PBXBuildFile; fileRef = C140670A0BA74FCCE8521D96 /* Pods_FlashcardHW.framework */; };
/* End PBXBuildFile section */

/* Begin PBXContainerItemProxy section */
		C4AA90B120322D0500F3206E /* PBXContainerItemProxy */ = {
			isa = PBXContainerItemProxy;
			containerPortal = C4AA909420322D0500F3206E /* Project object */;
			proxyType = 1;
			remoteGlobalIDString = C4AA909B20322D0500F3206E;
			remoteInfo = FlashcardHW;
		};
/* End PBXContainerItemProxy section */

/* Begin PBXFileReference section */
		12DE22143F20C7D7E6C1EE3C /* Pods-FlashcardHWTests.debug.xcconfig */ = {isa = PBXFileReference; includeInIndex = 1; lastKnownFileType = text.xcconfig; name = "Pods-FlashcardHWTests.debug.xcconfig"; path = "Pods/Target Support Files/Pods-FlashcardHWTests/Pods-FlashcardHWTests.debug.xcconfig"; sourceTree = "<group>"; };
		166694F59102C6D69DD3D174 /* Pods-FlashcardHW.debug.xcconfig */ = {isa = PBXFileReference; includeInIndex = 1; lastKnownFileType = text.xcconfig; name = "Pods-FlashcardHW.debug.xcconfig"; path = "Pods/Target Support Files/Pods-FlashcardHW/Pods-FlashcardHW.debug.xcconfig"; sourceTree = "<group>"; };
		6F5D74877724A9665A486715 /* Pods-FlashcardHWTests.release.xcconfig */ = {isa = PBXFileReference; includeInIndex = 1; lastKnownFileType = text.xcconfig; name = "Pods-FlashcardHWTests.release.xcconfig"; path = "Pods/Target Support Files/Pods-FlashcardHWTests/Pods-FlashcardHWTests.release.xcconfig"; sourceTree = "<group>"; };
		B3D6AE4A25BC958732F01408 /* Pods-FlashcardHW.release.xcconfig */ = {isa = PBXFileReference; includeInIndex = 1; lastKnownFileType = text.xcconfig; name = "Pods-FlashcardHW.release.xcconfig"; path = "Pods/Target Support Files/Pods-FlashcardHW/Pods-FlashcardHW.release.xcconfig"; sourceTree = "<group>"; };
		B9A079FF7326F21BEE6D8DB0 /* Pods_FlashcardHWTests.framework */ = {isa = PBXFileReference; explicitFileType = wrapper.framework; includeInIndex = 0; path = Pods_FlashcardHWTests.framework; sourceTree = BUILT_PRODUCTS_DIR; };
		C140670A0BA74FCCE8521D96 /* Pods_FlashcardHW.framework */ = {isa = PBXFileReference; explicitFileType = wrapper.framework; includeInIndex = 0; path = Pods_FlashcardHW.framework; sourceTree = BUILT_PRODUCTS_DIR; };
		C42AD3C42032334A000DDF23 /* SignUpVC.swift */ = {isa = PBXFileReference; fileEncoding = 4; lastKnownFileType = sourcecode.swift; path = SignUpVC.swift; sourceTree = "<group>"; };
		C42AD3C52032334A000DDF23 /* LoginVC.swift */ = {isa = PBXFileReference; fileEncoding = 4; lastKnownFileType = sourcecode.swift; path = LoginVC.swift; sourceTree = "<group>"; };
		C42AD3C62032334B000DDF23 /* CustomTabBarVC.swift */ = {isa = PBXFileReference; fileEncoding = 4; lastKnownFileType = sourcecode.swift; path = CustomTabBarVC.swift; sourceTree = "<group>"; };
		C42AD3CA20323353000DDF23 /* Stylesheet.swift */ = {isa = PBXFileReference; fileEncoding = 4; lastKnownFileType = sourcecode.swift; path = Stylesheet.swift; sourceTree = "<group>"; };
		C42AD3CD20323465000DDF23 /* AZTabBarButton.swift */ = {isa = PBXFileReference; fileEncoding = 4; lastKnownFileType = sourcecode.swift; path = AZTabBarButton.swift; sourceTree = "<group>"; };
		C42AD3CE20323465000DDF23 /* AZTabBarButtonDelegate.swift */ = {isa = PBXFileReference; fileEncoding = 4; lastKnownFileType = sourcecode.swift; path = AZTabBarButtonDelegate.swift; sourceTree = "<group>"; };
		C42AD3CF20323465000DDF23 /* AZTabBarController.swift */ = {isa = PBXFileReference; fileEncoding = 4; lastKnownFileType = sourcecode.swift; path = AZTabBarController.swift; sourceTree = "<group>"; };
		C42AD3D020323465000DDF23 /* AZTabBarController.xib */ = {isa = PBXFileReference; fileEncoding = 4; lastKnownFileType = file.xib; path = AZTabBarController.xib; sourceTree = "<group>"; };
		C42AD3D120323465000DDF23 /* AZTabBarDelegate.swift */ = {isa = PBXFileReference; fileEncoding = 4; lastKnownFileType = sourcecode.swift; path = AZTabBarDelegate.swift; sourceTree = "<group>"; };
		C42AD3D7203235BA000DDF23 /* LoginView.swift */ = {isa = PBXFileReference; fileEncoding = 4; lastKnownFileType = sourcecode.swift; name = LoginView.swift; path = "../../../../Group Projects/trenddit/trenddit/Views/LoginView.swift"; sourceTree = "<group>"; };
		C42AD3D8203235BA000DDF23 /* SignUpView.swift */ = {isa = PBXFileReference; fileEncoding = 4; lastKnownFileType = sourcecode.swift; name = SignUpView.swift; path = "../../../../Group Projects/trenddit/trenddit/Views/SignUpView.swift"; sourceTree = "<group>"; };
		C42AD3DB20323609000DDF23 /* CallToActionView.swift */ = {isa = PBXFileReference; fileEncoding = 4; lastKnownFileType = sourcecode.swift; path = CallToActionView.swift; sourceTree = "<group>"; };
		C42AD3DD20323626000DDF23 /* ViewFactory.swift */ = {isa = PBXFileReference; fileEncoding = 4; lastKnownFileType = sourcecode.swift; path = ViewFactory.swift; sourceTree = "<group>"; };
		C42AD3DF20323660000DDF23 /* LogoView.swift */ = {isa = PBXFileReference; fileEncoding = 4; lastKnownFileType = sourcecode.swift; path = LogoView.swift; sourceTree = "<group>"; };
		C42AD3E120323660000DDF23 /* LogInButton.swift */ = {isa = PBXFileReference; fileEncoding = 4; lastKnownFileType = sourcecode.swift; path = LogInButton.swift; sourceTree = "<group>"; };
		C42AD3E220323660000DDF23 /* SignUpButton.swift */ = {isa = PBXFileReference; fileEncoding = 4; lastKnownFileType = sourcecode.swift; path = SignUpButton.swift; sourceTree = "<group>"; };
		C42AD3E6203236B7000DDF23 /* UIColor+Hex.swift */ = {isa = PBXFileReference; lastKnownFileType = sourcecode.swift; path = "UIColor+Hex.swift"; sourceTree = "<group>"; };
		C42AD3E82032397E000DDF23 /* GoogleService-Info.plist */ = {isa = PBXFileReference; fileEncoding = 4; lastKnownFileType = text.plist.xml; path = "GoogleService-Info.plist"; sourceTree = "<group>"; };
		C42AD3F220323D0A000DDF23 /* StorageService+Image.swift */ = {isa = PBXFileReference; fileEncoding = 4; lastKnownFileType = sourcecode.swift; path = "StorageService+Image.swift"; sourceTree = "<group>"; };
		C42AD3F420323D0A000DDF23 /* AuthClient.swift */ = {isa = PBXFileReference; fileEncoding = 4; lastKnownFileType = sourcecode.swift; path = AuthClient.swift; sourceTree = "<group>"; };
		C42AD3F520323D0A000DDF23 /* AuthDelegate.swift */ = {isa = PBXFileReference; fileEncoding = 4; lastKnownFileType = sourcecode.swift; path = AuthDelegate.swift; sourceTree = "<group>"; };
		C42AD3F620323D0A000DDF23 /* Router.swift */ = {isa = PBXFileReference; fileEncoding = 4; lastKnownFileType = sourcecode.swift; path = Router.swift; sourceTree = "<group>"; };
		C42AD3F820323D0A000DDF23 /* DBService+Comment.swift */ = {isa = PBXFileReference; fileEncoding = 4; lastKnownFileType = sourcecode.swift; path = "DBService+Comment.swift"; sourceTree = "<group>"; };
		C42AD3F920323D0A000DDF23 /* DBService+Post.swift */ = {isa = PBXFileReference; fileEncoding = 4; lastKnownFileType = sourcecode.swift; path = "DBService+Post.swift"; sourceTree = "<group>"; };
		C42AD3FA20323D0A000DDF23 /* DBService+User.swift */ = {isa = PBXFileReference; fileEncoding = 4; lastKnownFileType = sourcecode.swift; path = "DBService+User.swift"; sourceTree = "<group>"; };
		C42AD3FB20323D0A000DDF23 /* DBService.swift */ = {isa = PBXFileReference; fileEncoding = 4; lastKnownFileType = sourcecode.swift; path = DBService.swift; sourceTree = "<group>"; };
		C42AD3FC20323D0B000DDF23 /* StorageService.swift */ = {isa = PBXFileReference; fileEncoding = 4; lastKnownFileType = sourcecode.swift; path = StorageService.swift; sourceTree = "<group>"; };
		C4AA909C20322D0500F3206E /* FlashcardHW.app */ = {isa = PBXFileReference; explicitFileType = wrapper.application; includeInIndex = 0; path = FlashcardHW.app; sourceTree = BUILT_PRODUCTS_DIR; };
		C4AA909F20322D0500F3206E /* AppDelegate.swift */ = {isa = PBXFileReference; lastKnownFileType = sourcecode.swift; path = AppDelegate.swift; sourceTree = "<group>"; };
		C4AA90A420322D0500F3206E /* Base */ = {isa = PBXFileReference; lastKnownFileType = file.storyboard; name = Base; path = Base.lproj/Main.storyboard; sourceTree = "<group>"; };
		C4AA90A620322D0500F3206E /* Assets.xcassets */ = {isa = PBXFileReference; lastKnownFileType = folder.assetcatalog; path = Assets.xcassets; sourceTree = "<group>"; };
		C4AA90A920322D0500F3206E /* Base */ = {isa = PBXFileReference; lastKnownFileType = file.storyboard; name = Base; path = Base.lproj/LaunchScreen.storyboard; sourceTree = "<group>"; };
		C4AA90AB20322D0500F3206E /* Info.plist */ = {isa = PBXFileReference; lastKnownFileType = text.plist.xml; path = Info.plist; sourceTree = "<group>"; };
		C4AA90B020322D0500F3206E /* FlashcardHWTests.xctest */ = {isa = PBXFileReference; explicitFileType = wrapper.cfbundle; includeInIndex = 0; path = FlashcardHWTests.xctest; sourceTree = BUILT_PRODUCTS_DIR; };
		C4AA90B420322D0500F3206E /* FlashcardHWTests.swift */ = {isa = PBXFileReference; lastKnownFileType = sourcecode.swift; path = FlashcardHWTests.swift; sourceTree = "<group>"; };
		C4AA90B620322D0500F3206E /* Info.plist */ = {isa = PBXFileReference; lastKnownFileType = text.plist.xml; path = Info.plist; sourceTree = "<group>"; };
		C4AA90C020322D2D00F3206E /* Flashcard.swift */ = {isa = PBXFileReference; lastKnownFileType = sourcecode.swift; path = Flashcard.swift; sourceTree = "<group>"; };
/* End PBXFileReference section */

/* Begin PBXFrameworksBuildPhase section */
		C4AA909920322D0500F3206E /* Frameworks */ = {
			isa = PBXFrameworksBuildPhase;
			buildActionMask = 2147483647;
			files = (
				F0F394EEB336ED7B2A64E154 /* Pods_FlashcardHW.framework in Frameworks */,
			);
			runOnlyForDeploymentPostprocessing = 0;
		};
		C4AA90AD20322D0500F3206E /* Frameworks */ = {
			isa = PBXFrameworksBuildPhase;
			buildActionMask = 2147483647;
			files = (
				A80619664EE248A88E6262BE /* Pods_FlashcardHWTests.framework in Frameworks */,
			);
			runOnlyForDeploymentPostprocessing = 0;
		};
/* End PBXFrameworksBuildPhase section */

/* Begin PBXGroup section */
		3EAF05A95106A6CBED4A128E /* Frameworks */ = {
			isa = PBXGroup;
			children = (
				C140670A0BA74FCCE8521D96 /* Pods_FlashcardHW.framework */,
				B9A079FF7326F21BEE6D8DB0 /* Pods_FlashcardHWTests.framework */,
			);
			name = Frameworks;
			sourceTree = "<group>";
		};
		BC37CFC725DB0CDD0E543C18 /* Pods */ = {
			isa = PBXGroup;
			children = (
				166694F59102C6D69DD3D174 /* Pods-FlashcardHW.debug.xcconfig */,
				B3D6AE4A25BC958732F01408 /* Pods-FlashcardHW.release.xcconfig */,
				12DE22143F20C7D7E6C1EE3C /* Pods-FlashcardHWTests.debug.xcconfig */,
				6F5D74877724A9665A486715 /* Pods-FlashcardHWTests.release.xcconfig */,
			);
			name = Pods;
			sourceTree = "<group>";
		};
		C42AD3CC20323465000DDF23 /* Sources */ = {
			isa = PBXGroup;
			children = (
				C42AD3CD20323465000DDF23 /* AZTabBarButton.swift */,
				C42AD3CE20323465000DDF23 /* AZTabBarButtonDelegate.swift */,
				C42AD3CF20323465000DDF23 /* AZTabBarController.swift */,
				C42AD3D020323465000DDF23 /* AZTabBarController.xib */,
				C42AD3D120323465000DDF23 /* AZTabBarDelegate.swift */,
			);
			path = Sources;
			sourceTree = "<group>";
		};
		C42AD3E020323660000DDF23 /* Buttons */ = {
			isa = PBXGroup;
			children = (
				C42AD3E120323660000DDF23 /* LogInButton.swift */,
				C42AD3E220323660000DDF23 /* SignUpButton.swift */,
			);
			path = Buttons;
			sourceTree = "<group>";
		};
		C42AD3F320323D0A000DDF23 /* Authentification */ = {
			isa = PBXGroup;
			children = (
				C42AD3F420323D0A000DDF23 /* AuthClient.swift */,
				C42AD3F520323D0A000DDF23 /* AuthDelegate.swift */,
			);
			path = Authentification;
			sourceTree = "<group>";
		};
		C42AD3F720323D0A000DDF23 /* Database */ = {
			isa = PBXGroup;
			children = (
				C42AD3FB20323D0A000DDF23 /* DBService.swift */,
				C42AD3F820323D0A000DDF23 /* DBService+Comment.swift */,
				C42AD3F920323D0A000DDF23 /* DBService+Post.swift */,
				C42AD3FA20323D0A000DDF23 /* DBService+User.swift */,
			);
			path = Database;
			sourceTree = "<group>";
		};
		C4AA909320322D0500F3206E = {
			isa = PBXGroup;
			children = (
				C4AA909E20322D0500F3206E /* FlashcardHW */,
				C4AA90B320322D0500F3206E /* FlashcardHWTests */,
				C4AA909D20322D0500F3206E /* Products */,
				BC37CFC725DB0CDD0E543C18 /* Pods */,
				3EAF05A95106A6CBED4A128E /* Frameworks */,
			);
			sourceTree = "<group>";
		};
		C4AA909D20322D0500F3206E /* Products */ = {
			isa = PBXGroup;
			children = (
				C4AA909C20322D0500F3206E /* FlashcardHW.app */,
				C4AA90B020322D0500F3206E /* FlashcardHWTests.xctest */,
			);
			name = Products;
			sourceTree = "<group>";
		};
		C4AA909E20322D0500F3206E /* FlashcardHW */ = {
			isa = PBXGroup;
			children = (
				C4AA909F20322D0500F3206E /* AppDelegate.swift */,
				C4AA90BF20322D1300F3206E /* Controller */,
				C4AA90C220322D4D00F3206E /* Model */,
				C4AA90C820322D7C00F3206E /* Services */,
				C4AA90C520322D6300F3206E /* Views */,
				C4AA90CB20322D9100F3206E /* Store */,
				C4AA90A320322D0500F3206E /* Main.storyboard */,
				C4AA90A620322D0500F3206E /* Assets.xcassets */,
				C4AA90A820322D0500F3206E /* LaunchScreen.storyboard */,
				C4AA90AB20322D0500F3206E /* Info.plist */,
				C42AD3E82032397E000DDF23 /* GoogleService-Info.plist */,
			);
			path = FlashcardHW;
			sourceTree = "<group>";
		};
		C4AA90B320322D0500F3206E /* FlashcardHWTests */ = {
			isa = PBXGroup;
			children = (
				C4AA90B420322D0500F3206E /* FlashcardHWTests.swift */,
				C4AA90B620322D0500F3206E /* Info.plist */,
			);
			path = FlashcardHWTests;
			sourceTree = "<group>";
		};
		C4AA90BF20322D1300F3206E /* Controller */ = {
			isa = PBXGroup;
			children = (
				C42AD3C62032334B000DDF23 /* CustomTabBarVC.swift */,
				C42AD3C52032334A000DDF23 /* LoginVC.swift */,
				C42AD3C42032334A000DDF23 /* SignUpVC.swift */,
			);
			path = Controller;
			sourceTree = "<group>";
		};
		C4AA90C220322D4D00F3206E /* Model */ = {
			isa = PBXGroup;
			children = (
				C4AA90C020322D2D00F3206E /* Flashcard.swift */,
			);
			path = Model;
			sourceTree = "<group>";
		};
		C4AA90C520322D6300F3206E /* Views */ = {
			isa = PBXGroup;
			children = (
				C42AD3E020323660000DDF23 /* Buttons */,
				C42AD3DF20323660000DDF23 /* LogoView.swift */,
				C42AD3DD20323626000DDF23 /* ViewFactory.swift */,
				C42AD3DB20323609000DDF23 /* CallToActionView.swift */,
				C42AD3D7203235BA000DDF23 /* LoginView.swift */,
				C42AD3D8203235BA000DDF23 /* SignUpView.swift */,
			);
			path = Views;
			sourceTree = "<group>";
		};
		C4AA90C820322D7C00F3206E /* Services */ = {
			isa = PBXGroup;
			children = (
				C42AD3F320323D0A000DDF23 /* Authentification */,
				C42AD3F720323D0A000DDF23 /* Database */,
				C42AD3F620323D0A000DDF23 /* Router.swift */,
				C42AD3FC20323D0B000DDF23 /* StorageService.swift */,
				C42AD3F220323D0A000DDF23 /* StorageService+Image.swift */,
			);
			path = Services;
			sourceTree = "<group>";
		};
		C4AA90CB20322D9100F3206E /* Store */ = {
			isa = PBXGroup;
			children = (
				C42AD3CC20323465000DDF23 /* Sources */,
				C42AD3CA20323353000DDF23 /* Stylesheet.swift */,
				C42AD3E6203236B7000DDF23 /* UIColor+Hex.swift */,
			);
			path = Store;
			sourceTree = "<group>";
		};
/* End PBXGroup section */

/* Begin PBXNativeTarget section */
		C4AA909B20322D0500F3206E /* FlashcardHW */ = {
			isa = PBXNativeTarget;
			buildConfigurationList = C4AA90B920322D0500F3206E /* Build configuration list for PBXNativeTarget "FlashcardHW" */;
			buildPhases = (
				554A241D03232165B8996231 /* [CP] Check Pods Manifest.lock */,
				C4AA909820322D0500F3206E /* Sources */,
				C4AA909920322D0500F3206E /* Frameworks */,
				C4AA909A20322D0500F3206E /* Resources */,
				6E080B05E31C47D7C68E40BC /* [CP] Embed Pods Frameworks */,
				C390F2661E7F35B69FD99C40 /* [CP] Copy Pods Resources */,
			);
			buildRules = (
			);
			dependencies = (
			);
			name = FlashcardHW;
			productName = FlashcardHW;
			productReference = C4AA909C20322D0500F3206E /* FlashcardHW.app */;
			productType = "com.apple.product-type.application";
		};
		C4AA90AF20322D0500F3206E /* FlashcardHWTests */ = {
			isa = PBXNativeTarget;
			buildConfigurationList = C4AA90BC20322D0500F3206E /* Build configuration list for PBXNativeTarget "FlashcardHWTests" */;
			buildPhases = (
				5FA3CFFBDC4C81790FA1C448 /* [CP] Check Pods Manifest.lock */,
				C4AA90AC20322D0500F3206E /* Sources */,
				C4AA90AD20322D0500F3206E /* Frameworks */,
				C4AA90AE20322D0500F3206E /* Resources */,
				302315D9BF21783196A7804B /* [CP] Embed Pods Frameworks */,
				D500C9EBC78F14ED2BAED653 /* [CP] Copy Pods Resources */,
			);
			buildRules = (
			);
			dependencies = (
				C4AA90B220322D0500F3206E /* PBXTargetDependency */,
			);
			name = FlashcardHWTests;
			productName = FlashcardHWTests;
			productReference = C4AA90B020322D0500F3206E /* FlashcardHWTests.xctest */;
			productType = "com.apple.product-type.bundle.unit-test";
		};
/* End PBXNativeTarget section */

/* Begin PBXProject section */
		C4AA909420322D0500F3206E /* Project object */ = {
			isa = PBXProject;
			attributes = {
				LastSwiftUpdateCheck = 0910;
				LastUpgradeCheck = 0910;
				ORGANIZATIONNAME = "Masai Young";
				TargetAttributes = {
					C4AA909B20322D0500F3206E = {
						CreatedOnToolsVersion = 9.1;
						ProvisioningStyle = Automatic;
					};
					C4AA90AF20322D0500F3206E = {
						CreatedOnToolsVersion = 9.1;
						ProvisioningStyle = Automatic;
						TestTargetID = C4AA909B20322D0500F3206E;
					};
				};
			};
			buildConfigurationList = C4AA909720322D0500F3206E /* Build configuration list for PBXProject "FlashcardHW" */;
			compatibilityVersion = "Xcode 8.0";
			developmentRegion = en;
			hasScannedForEncodings = 0;
			knownRegions = (
				en,
				Base,
			);
			mainGroup = C4AA909320322D0500F3206E;
			productRefGroup = C4AA909D20322D0500F3206E /* Products */;
			projectDirPath = "";
			projectRoot = "";
			targets = (
				C4AA909B20322D0500F3206E /* FlashcardHW */,
				C4AA90AF20322D0500F3206E /* FlashcardHWTests */,
			);
		};
/* End PBXProject section */

/* Begin PBXResourcesBuildPhase section */
		C4AA909A20322D0500F3206E /* Resources */ = {
			isa = PBXResourcesBuildPhase;
			buildActionMask = 2147483647;
			files = (
				C4AA90AA20322D0500F3206E /* LaunchScreen.storyboard in Resources */,
				C4AA90A720322D0500F3206E /* Assets.xcassets in Resources */,
				C42AD3E92032397E000DDF23 /* GoogleService-Info.plist in Resources */,
				C42AD3D520323465000DDF23 /* AZTabBarController.xib in Resources */,
				C4AA90A520322D0500F3206E /* Main.storyboard in Resources */,
			);
			runOnlyForDeploymentPostprocessing = 0;
		};
		C4AA90AE20322D0500F3206E /* Resources */ = {
			isa = PBXResourcesBuildPhase;
			buildActionMask = 2147483647;
			files = (
			);
			runOnlyForDeploymentPostprocessing = 0;
		};
/* End PBXResourcesBuildPhase section */

/* Begin PBXShellScriptBuildPhase section */
		302315D9BF21783196A7804B /* [CP] Embed Pods Frameworks */ = {
			isa = PBXShellScriptBuildPhase;
			buildActionMask = 2147483647;
			files = (
			);
			inputPaths = (
			);
			name = "[CP] Embed Pods Frameworks";
			outputPaths = (
			);
			runOnlyForDeploymentPostprocessing = 0;
			shellPath = /bin/sh;
			shellScript = "\"${SRCROOT}/Pods/Target Support Files/Pods-FlashcardHWTests/Pods-FlashcardHWTests-frameworks.sh\"\n";
			showEnvVarsInLog = 0;
		};
		554A241D03232165B8996231 /* [CP] Check Pods Manifest.lock */ = {
			isa = PBXShellScriptBuildPhase;
			buildActionMask = 2147483647;
			files = (
			);
			inputPaths = (
				"${PODS_PODFILE_DIR_PATH}/Podfile.lock",
				"${PODS_ROOT}/Manifest.lock",
			);
			name = "[CP] Check Pods Manifest.lock";
			outputPaths = (
				"$(DERIVED_FILE_DIR)/Pods-FlashcardHW-checkManifestLockResult.txt",
			);
			runOnlyForDeploymentPostprocessing = 0;
			shellPath = /bin/sh;
			shellScript = "diff \"${PODS_PODFILE_DIR_PATH}/Podfile.lock\" \"${PODS_ROOT}/Manifest.lock\" > /dev/null\nif [ $? != 0 ] ; then\n    # print error to STDERR\n    echo \"error: The sandbox is not in sync with the Podfile.lock. Run 'pod install' or update your CocoaPods installation.\" >&2\n    exit 1\nfi\n# This output is used by Xcode 'outputs' to avoid re-running this script phase.\necho \"SUCCESS\" > \"${SCRIPT_OUTPUT_FILE_0}\"\n";
			showEnvVarsInLog = 0;
		};
		5FA3CFFBDC4C81790FA1C448 /* [CP] Check Pods Manifest.lock */ = {
			isa = PBXShellScriptBuildPhase;
			buildActionMask = 2147483647;
			files = (
			);
			inputPaths = (
				"${PODS_PODFILE_DIR_PATH}/Podfile.lock",
				"${PODS_ROOT}/Manifest.lock",
			);
			name = "[CP] Check Pods Manifest.lock";
			outputPaths = (
				"$(DERIVED_FILE_DIR)/Pods-FlashcardHWTests-checkManifestLockResult.txt",
			);
			runOnlyForDeploymentPostprocessing = 0;
			shellPath = /bin/sh;
			shellScript = "diff \"${PODS_PODFILE_DIR_PATH}/Podfile.lock\" \"${PODS_ROOT}/Manifest.lock\" > /dev/null\nif [ $? != 0 ] ; then\n    # print error to STDERR\n    echo \"error: The sandbox is not in sync with the Podfile.lock. Run 'pod install' or update your CocoaPods installation.\" >&2\n    exit 1\nfi\n# This output is used by Xcode 'outputs' to avoid re-running this script phase.\necho \"SUCCESS\" > \"${SCRIPT_OUTPUT_FILE_0}\"\n";
			showEnvVarsInLog = 0;
		};
		6E080B05E31C47D7C68E40BC /* [CP] Embed Pods Frameworks */ = {
			isa = PBXShellScriptBuildPhase;
			buildActionMask = 2147483647;
			files = (
			);
			inputPaths = (
				"${SRCROOT}/Pods/Target Support Files/Pods-FlashcardHW/Pods-FlashcardHW-frameworks.sh",
				"${BUILT_PRODUCTS_DIR}/AZTabBar/AZTabBar.framework",
				"${BUILT_PRODUCTS_DIR}/EasyNotificationBadge/EasyNotificationBadge.framework",
				"${BUILT_PRODUCTS_DIR}/GTMSessionFetcher/GTMSessionFetcher.framework",
				"${BUILT_PRODUCTS_DIR}/GoogleToolboxForMac/GoogleToolboxForMac.framework",
				"${BUILT_PRODUCTS_DIR}/Kingfisher/Kingfisher.framework",
				"${BUILT_PRODUCTS_DIR}/SnapKit/SnapKit.framework",
				"${BUILT_PRODUCTS_DIR}/TextFieldEffects/TextFieldEffects.framework",
				"${BUILT_PRODUCTS_DIR}/leveldb-library/leveldb.framework",
				"${BUILT_PRODUCTS_DIR}/nanopb/nanopb.framework",
			);
			name = "[CP] Embed Pods Frameworks";
			outputPaths = (
				"${TARGET_BUILD_DIR}/${FRAMEWORKS_FOLDER_PATH}/AZTabBar.framework",
				"${TARGET_BUILD_DIR}/${FRAMEWORKS_FOLDER_PATH}/EasyNotificationBadge.framework",
				"${TARGET_BUILD_DIR}/${FRAMEWORKS_FOLDER_PATH}/GTMSessionFetcher.framework",
				"${TARGET_BUILD_DIR}/${FRAMEWORKS_FOLDER_PATH}/GoogleToolboxForMac.framework",
				"${TARGET_BUILD_DIR}/${FRAMEWORKS_FOLDER_PATH}/Kingfisher.framework",
				"${TARGET_BUILD_DIR}/${FRAMEWORKS_FOLDER_PATH}/SnapKit.framework",
				"${TARGET_BUILD_DIR}/${FRAMEWORKS_FOLDER_PATH}/TextFieldEffects.framework",
				"${TARGET_BUILD_DIR}/${FRAMEWORKS_FOLDER_PATH}/leveldb.framework",
				"${TARGET_BUILD_DIR}/${FRAMEWORKS_FOLDER_PATH}/nanopb.framework",
			);
			runOnlyForDeploymentPostprocessing = 0;
			shellPath = /bin/sh;
			shellScript = "\"${SRCROOT}/Pods/Target Support Files/Pods-FlashcardHW/Pods-FlashcardHW-frameworks.sh\"\n";
			showEnvVarsInLog = 0;
		};
		C390F2661E7F35B69FD99C40 /* [CP] Copy Pods Resources */ = {
			isa = PBXShellScriptBuildPhase;
			buildActionMask = 2147483647;
			files = (
			);
			inputPaths = (
			);
			name = "[CP] Copy Pods Resources";
			outputPaths = (
			);
			runOnlyForDeploymentPostprocessing = 0;
			shellPath = /bin/sh;
			shellScript = "\"${SRCROOT}/Pods/Target Support Files/Pods-FlashcardHW/Pods-FlashcardHW-resources.sh\"\n";
			showEnvVarsInLog = 0;
		};
		D500C9EBC78F14ED2BAED653 /* [CP] Copy Pods Resources */ = {
			isa = PBXShellScriptBuildPhase;
			buildActionMask = 2147483647;
			files = (
			);
			inputPaths = (
			);
			name = "[CP] Copy Pods Resources";
			outputPaths = (
			);
			runOnlyForDeploymentPostprocessing = 0;
			shellPath = /bin/sh;
			shellScript = "\"${SRCROOT}/Pods/Target Support Files/Pods-FlashcardHWTests/Pods-FlashcardHWTests-resources.sh\"\n";
			showEnvVarsInLog = 0;
		};
/* End PBXShellScriptBuildPhase section */

/* Begin PBXSourcesBuildPhase section */
		C4AA909820322D0500F3206E /* Sources */ = {
			isa = PBXSourcesBuildPhase;
			buildActionMask = 2147483647;
			files = (
				C42AD40020323D0B000DDF23 /* Router.swift in Sources */,
				C42AD3D220323465000DDF23 /* AZTabBarButton.swift in Sources */,
				C42AD3E420323660000DDF23 /* LogInButton.swift in Sources */,
				C42AD3D320323465000DDF23 /* AZTabBarButtonDelegate.swift in Sources */,
				C42AD3C92032334B000DDF23 /* CustomTabBarVC.swift in Sources */,
				C42AD40320323D0B000DDF23 /* DBService+User.swift in Sources */,
				C42AD3C72032334B000DDF23 /* SignUpVC.swift in Sources */,
				C42AD40520323D0B000DDF23 /* StorageService.swift in Sources */,
				C42AD3FF20323D0B000DDF23 /* AuthDelegate.swift in Sources */,
				C42AD40220323D0B000DDF23 /* DBService+Post.swift in Sources */,
				C42AD40420323D0B000DDF23 /* DBService.swift in Sources */,
				C42AD3E520323660000DDF23 /* SignUpButton.swift in Sources */,
				C42AD3E320323660000DDF23 /* LogoView.swift in Sources */,
				C42AD3C82032334B000DDF23 /* LoginVC.swift in Sources */,
				C4AA90C120322D2D00F3206E /* Flashcard.swift in Sources */,
				C42AD3DE20323626000DDF23 /* ViewFactory.swift in Sources */,
				C42AD3DC20323609000DDF23 /* CallToActionView.swift in Sources */,
				C42AD3FD20323D0B000DDF23 /* StorageService+Image.swift in Sources */,
				C42AD3D420323465000DDF23 /* AZTabBarController.swift in Sources */,
				C4AA90A020322D0500F3206E /* AppDelegate.swift in Sources */,
				C42AD3E7203236B7000DDF23 /* UIColor+Hex.swift in Sources */,
				C42AD40120323D0B000DDF23 /* DBService+Comment.swift in Sources */,
				C42AD3DA203235BA000DDF23 /* SignUpView.swift in Sources */,
				C42AD3FE20323D0B000DDF23 /* AuthClient.swift in Sources */,
				C42AD3D9203235BA000DDF23 /* LoginView.swift in Sources */,
				C42AD3CB20323353000DDF23 /* Stylesheet.swift in Sources */,
				C42AD3D620323465000DDF23 /* AZTabBarDelegate.swift in Sources */,
			);
			runOnlyForDeploymentPostprocessing = 0;
		};
		C4AA90AC20322D0500F3206E /* Sources */ = {
			isa = PBXSourcesBuildPhase;
			buildActionMask = 2147483647;
			files = (
				C4AA90B520322D0500F3206E /* FlashcardHWTests.swift in Sources */,
			);
			runOnlyForDeploymentPostprocessing = 0;
		};
/* End PBXSourcesBuildPhase section */

/* Begin PBXTargetDependency section */
		C4AA90B220322D0500F3206E /* PBXTargetDependency */ = {
			isa = PBXTargetDependency;
			target = C4AA909B20322D0500F3206E /* FlashcardHW */;
			targetProxy = C4AA90B120322D0500F3206E /* PBXContainerItemProxy */;
		};
/* End PBXTargetDependency section */

/* Begin PBXVariantGroup section */
		C4AA90A320322D0500F3206E /* Main.storyboard */ = {
			isa = PBXVariantGroup;
			children = (
				C4AA90A420322D0500F3206E /* Base */,
			);
			name = Main.storyboard;
			sourceTree = "<group>";
		};
		C4AA90A820322D0500F3206E /* LaunchScreen.storyboard */ = {
			isa = PBXVariantGroup;
			children = (
				C4AA90A920322D0500F3206E /* Base */,
			);
			name = LaunchScreen.storyboard;
			sourceTree = "<group>";
		};
/* End PBXVariantGroup section */

/* Begin XCBuildConfiguration section */
		C4AA90B720322D0500F3206E /* Debug */ = {
			isa = XCBuildConfiguration;
			buildSettings = {
				ALWAYS_SEARCH_USER_PATHS = NO;
				CLANG_ANALYZER_NONNULL = YES;
				CLANG_ANALYZER_NUMBER_OBJECT_CONVERSION = YES_AGGRESSIVE;
				CLANG_CXX_LANGUAGE_STANDARD = "gnu++14";
				CLANG_CXX_LIBRARY = "libc++";
				CLANG_ENABLE_MODULES = YES;
				CLANG_ENABLE_OBJC_ARC = YES;
				CLANG_WARN_BLOCK_CAPTURE_AUTORELEASING = YES;
				CLANG_WARN_BOOL_CONVERSION = YES;
				CLANG_WARN_COMMA = YES;
				CLANG_WARN_CONSTANT_CONVERSION = YES;
				CLANG_WARN_DIRECT_OBJC_ISA_USAGE = YES_ERROR;
				CLANG_WARN_DOCUMENTATION_COMMENTS = YES;
				CLANG_WARN_EMPTY_BODY = YES;
				CLANG_WARN_ENUM_CONVERSION = YES;
				CLANG_WARN_INFINITE_RECURSION = YES;
				CLANG_WARN_INT_CONVERSION = YES;
				CLANG_WARN_NON_LITERAL_NULL_CONVERSION = YES;
				CLANG_WARN_OBJC_LITERAL_CONVERSION = YES;
				CLANG_WARN_OBJC_ROOT_CLASS = YES_ERROR;
				CLANG_WARN_RANGE_LOOP_ANALYSIS = YES;
				CLANG_WARN_STRICT_PROTOTYPES = YES;
				CLANG_WARN_SUSPICIOUS_MOVE = YES;
				CLANG_WARN_UNGUARDED_AVAILABILITY = YES_AGGRESSIVE;
				CLANG_WARN_UNREACHABLE_CODE = YES;
				CLANG_WARN__DUPLICATE_METHOD_MATCH = YES;
				CODE_SIGN_IDENTITY = "iPhone Developer";
				COPY_PHASE_STRIP = NO;
				DEBUG_INFORMATION_FORMAT = dwarf;
				ENABLE_STRICT_OBJC_MSGSEND = YES;
				ENABLE_TESTABILITY = YES;
				GCC_C_LANGUAGE_STANDARD = gnu11;
				GCC_DYNAMIC_NO_PIC = NO;
				GCC_NO_COMMON_BLOCKS = YES;
				GCC_OPTIMIZATION_LEVEL = 0;
				GCC_PREPROCESSOR_DEFINITIONS = (
					"DEBUG=1",
					"$(inherited)",
				);
				GCC_WARN_64_TO_32_BIT_CONVERSION = YES;
				GCC_WARN_ABOUT_RETURN_TYPE = YES_ERROR;
				GCC_WARN_UNDECLARED_SELECTOR = YES;
				GCC_WARN_UNINITIALIZED_AUTOS = YES_AGGRESSIVE;
				GCC_WARN_UNUSED_FUNCTION = YES;
				GCC_WARN_UNUSED_VARIABLE = YES;
				IPHONEOS_DEPLOYMENT_TARGET = 11.1;
				MTL_ENABLE_DEBUG_INFO = YES;
				ONLY_ACTIVE_ARCH = YES;
				SDKROOT = iphoneos;
				SWIFT_ACTIVE_COMPILATION_CONDITIONS = DEBUG;
				SWIFT_OPTIMIZATION_LEVEL = "-Onone";
			};
			name = Debug;
		};
		C4AA90B820322D0500F3206E /* Release */ = {
			isa = XCBuildConfiguration;
			buildSettings = {
				ALWAYS_SEARCH_USER_PATHS = NO;
				CLANG_ANALYZER_NONNULL = YES;
				CLANG_ANALYZER_NUMBER_OBJECT_CONVERSION = YES_AGGRESSIVE;
				CLANG_CXX_LANGUAGE_STANDARD = "gnu++14";
				CLANG_CXX_LIBRARY = "libc++";
				CLANG_ENABLE_MODULES = YES;
				CLANG_ENABLE_OBJC_ARC = YES;
				CLANG_WARN_BLOCK_CAPTURE_AUTORELEASING = YES;
				CLANG_WARN_BOOL_CONVERSION = YES;
				CLANG_WARN_COMMA = YES;
				CLANG_WARN_CONSTANT_CONVERSION = YES;
				CLANG_WARN_DIRECT_OBJC_ISA_USAGE = YES_ERROR;
				CLANG_WARN_DOCUMENTATION_COMMENTS = YES;
				CLANG_WARN_EMPTY_BODY = YES;
				CLANG_WARN_ENUM_CONVERSION = YES;
				CLANG_WARN_INFINITE_RECURSION = YES;
				CLANG_WARN_INT_CONVERSION = YES;
				CLANG_WARN_NON_LITERAL_NULL_CONVERSION = YES;
				CLANG_WARN_OBJC_LITERAL_CONVERSION = YES;
				CLANG_WARN_OBJC_ROOT_CLASS = YES_ERROR;
				CLANG_WARN_RANGE_LOOP_ANALYSIS = YES;
				CLANG_WARN_STRICT_PROTOTYPES = YES;
				CLANG_WARN_SUSPICIOUS_MOVE = YES;
				CLANG_WARN_UNGUARDED_AVAILABILITY = YES_AGGRESSIVE;
				CLANG_WARN_UNREACHABLE_CODE = YES;
				CLANG_WARN__DUPLICATE_METHOD_MATCH = YES;
				CODE_SIGN_IDENTITY = "iPhone Developer";
				COPY_PHASE_STRIP = NO;
				DEBUG_INFORMATION_FORMAT = "dwarf-with-dsym";
				ENABLE_NS_ASSERTIONS = NO;
				ENABLE_STRICT_OBJC_MSGSEND = YES;
				GCC_C_LANGUAGE_STANDARD = gnu11;
				GCC_NO_COMMON_BLOCKS = YES;
				GCC_WARN_64_TO_32_BIT_CONVERSION = YES;
				GCC_WARN_ABOUT_RETURN_TYPE = YES_ERROR;
				GCC_WARN_UNDECLARED_SELECTOR = YES;
				GCC_WARN_UNINITIALIZED_AUTOS = YES_AGGRESSIVE;
				GCC_WARN_UNUSED_FUNCTION = YES;
				GCC_WARN_UNUSED_VARIABLE = YES;
				IPHONEOS_DEPLOYMENT_TARGET = 11.1;
				MTL_ENABLE_DEBUG_INFO = NO;
				SDKROOT = iphoneos;
				SWIFT_OPTIMIZATION_LEVEL = "-Owholemodule";
				VALIDATE_PRODUCT = YES;
			};
			name = Release;
		};
		C4AA90BA20322D0500F3206E /* Debug */ = {
			isa = XCBuildConfiguration;
			baseConfigurationReference = 166694F59102C6D69DD3D174 /* Pods-FlashcardHW.debug.xcconfig */;
			buildSettings = {
				ASSETCATALOG_COMPILER_APPICON_NAME = AppIcon;
				CODE_SIGN_STYLE = Automatic;
				DEVELOPMENT_TEAM = RBE99A2Y96;
				INFOPLIST_FILE = FlashcardHW/Info.plist;
				LD_RUNPATH_SEARCH_PATHS = "$(inherited) @executable_path/Frameworks";
				PRODUCT_BUNDLE_IDENTIFIER = com.DrDoom.FlashcardHW;
				PRODUCT_NAME = "$(TARGET_NAME)";
				SWIFT_VERSION = 4.0;
				TARGETED_DEVICE_FAMILY = "1,2";
			};
			name = Debug;
		};
		C4AA90BB20322D0500F3206E /* Release */ = {
			isa = XCBuildConfiguration;
			baseConfigurationReference = B3D6AE4A25BC958732F01408 /* Pods-FlashcardHW.release.xcconfig */;
			buildSettings = {
				ASSETCATALOG_COMPILER_APPICON_NAME = AppIcon;
				CODE_SIGN_STYLE = Automatic;
				DEVELOPMENT_TEAM = RBE99A2Y96;
				INFOPLIST_FILE = FlashcardHW/Info.plist;
				LD_RUNPATH_SEARCH_PATHS = "$(inherited) @executable_path/Frameworks";
				PRODUCT_BUNDLE_IDENTIFIER = com.DrDoom.FlashcardHW;
				PRODUCT_NAME = "$(TARGET_NAME)";
				SWIFT_VERSION = 4.0;
				TARGETED_DEVICE_FAMILY = "1,2";
			};
			name = Release;
		};
		C4AA90BD20322D0500F3206E /* Debug */ = {
			isa = XCBuildConfiguration;
			baseConfigurationReference = 12DE22143F20C7D7E6C1EE3C /* Pods-FlashcardHWTests.debug.xcconfig */;
			buildSettings = {
				ALWAYS_EMBED_SWIFT_STANDARD_LIBRARIES = YES;
				BUNDLE_LOADER = "$(TEST_HOST)";
				CODE_SIGN_STYLE = Automatic;
				DEVELOPMENT_TEAM = RBE99A2Y96;
				INFOPLIST_FILE = FlashcardHWTests/Info.plist;
				LD_RUNPATH_SEARCH_PATHS = "$(inherited) @executable_path/Frameworks @loader_path/Frameworks";
				PRODUCT_BUNDLE_IDENTIFIER = com.DrDoom.FlashcardHWTests;
				PRODUCT_NAME = "$(TARGET_NAME)";
				SWIFT_VERSION = 4.0;
				TARGETED_DEVICE_FAMILY = "1,2";
				TEST_HOST = "$(BUILT_PRODUCTS_DIR)/FlashcardHW.app/FlashcardHW";
			};
			name = Debug;
		};
		C4AA90BE20322D0500F3206E /* Release */ = {
			isa = XCBuildConfiguration;
			baseConfigurationReference = 6F5D74877724A9665A486715 /* Pods-FlashcardHWTests.release.xcconfig */;
			buildSettings = {
				ALWAYS_EMBED_SWIFT_STANDARD_LIBRARIES = YES;
				BUNDLE_LOADER = "$(TEST_HOST)";
				CODE_SIGN_STYLE = Automatic;
				DEVELOPMENT_TEAM = RBE99A2Y96;
				INFOPLIST_FILE = FlashcardHWTests/Info.plist;
				LD_RUNPATH_SEARCH_PATHS = "$(inherited) @executable_path/Frameworks @loader_path/Frameworks";
				PRODUCT_BUNDLE_IDENTIFIER = com.DrDoom.FlashcardHWTests;
				PRODUCT_NAME = "$(TARGET_NAME)";
				SWIFT_VERSION = 4.0;
				TARGETED_DEVICE_FAMILY = "1,2";
				TEST_HOST = "$(BUILT_PRODUCTS_DIR)/FlashcardHW.app/FlashcardHW";
			};
			name = Release;
		};
/* End XCBuildConfiguration section */

/* Begin XCConfigurationList section */
		C4AA909720322D0500F3206E /* Build configuration list for PBXProject "FlashcardHW" */ = {
			isa = XCConfigurationList;
			buildConfigurations = (
				C4AA90B720322D0500F3206E /* Debug */,
				C4AA90B820322D0500F3206E /* Release */,
			);
			defaultConfigurationIsVisible = 0;
			defaultConfigurationName = Release;
		};
		C4AA90B920322D0500F3206E /* Build configuration list for PBXNativeTarget "FlashcardHW" */ = {
			isa = XCConfigurationList;
			buildConfigurations = (
				C4AA90BA20322D0500F3206E /* Debug */,
				C4AA90BB20322D0500F3206E /* Release */,
			);
			defaultConfigurationIsVisible = 0;
			defaultConfigurationName = Release;
		};
		C4AA90BC20322D0500F3206E /* Build configuration list for PBXNativeTarget "FlashcardHWTests" */ = {
			isa = XCConfigurationList;
			buildConfigurations = (
				C4AA90BD20322D0500F3206E /* Debug */,
				C4AA90BE20322D0500F3206E /* Release */,
			);
			defaultConfigurationIsVisible = 0;
			defaultConfigurationName = Release;
		};
/* End XCConfigurationList section */
	};
	rootObject = C4AA909420322D0500F3206E /* Project object */;
}
